// !$*UTF8*$!
{
	archiveVersion = 1;
	classes = {
	};
	objectVersion = 55;
	objects = {

/* Begin PBXBuildFile section */
		065B68D3275B0CA3003B53A6 /* countStart.mp3 in Resources */ = {isa = PBXBuildFile; fileRef = 065B68D2275B0CA3003B53A6 /* countStart.mp3 */; };
		065B68D5275BE5E0003B53A6 /* rightanswer.mp3 in Resources */ = {isa = PBXBuildFile; fileRef = 065B68D4275BE5E0003B53A6 /* rightanswer.mp3 */; };
		065B68D7275BE72A003B53A6 /* wronganswer.mp3 in Resources */ = {isa = PBXBuildFile; fileRef = 065B68D6275BE72A003B53A6 /* wronganswer.mp3 */; };
		06EE75412757FBB00094668F /* mathdownApp.swift in Sources */ = {isa = PBXBuildFile; fileRef = 06EE75402757FBB00094668F /* mathdownApp.swift */; };
		06EE75432757FBB00094668F /* MainMenuView.swift in Sources */ = {isa = PBXBuildFile; fileRef = 06EE75422757FBB00094668F /* MainMenuView.swift */; };
		06EE75452757FBB10094668F /* Assets.xcassets in Resources */ = {isa = PBXBuildFile; fileRef = 06EE75442757FBB10094668F /* Assets.xcassets */; };
		06EE75482757FBB10094668F /* Preview Assets.xcassets in Resources */ = {isa = PBXBuildFile; fileRef = 06EE75472757FBB10094668F /* Preview Assets.xcassets */; };
		06EE75522757FE5B0094668F /* GameView.swift in Sources */ = {isa = PBXBuildFile; fileRef = 06EE75512757FE5B0094668F /* GameView.swift */; };
		06EE75542757FF200094668F /* HighscoreView.swift in Sources */ = {isa = PBXBuildFile; fileRef = 06EE75532757FF200094668F /* HighscoreView.swift */; };
		06EE7556275803050094668F /* PauseView.swift in Sources */ = {isa = PBXBuildFile; fileRef = 06EE7555275803050094668F /* PauseView.swift */; };
		06EE755827592C250094668F /* CountdownView.swift in Sources */ = {isa = PBXBuildFile; fileRef = 06EE755727592C250094668F /* CountdownView.swift */; };
		06EE755A275937EF0094668F /* SoundEffect.swift in Sources */ = {isa = PBXBuildFile; fileRef = 06EE7559275937EF0094668F /* SoundEffect.swift */; };
		06EE755D275939540094668F /* count.mp3 in Resources */ = {isa = PBXBuildFile; fileRef = 06EE755C275939540094668F /* count.mp3 */; };
		06EE75612759550A0094668F /* GameGenerator.swift in Sources */ = {isa = PBXBuildFile; fileRef = 06EE75602759550A0094668F /* GameGenerator.swift */; };
		06EE756427595A4F0094668F /* GameOverView.swift in Sources */ = {isa = PBXBuildFile; fileRef = 06EE756327595A4F0094668F /* GameOverView.swift */; };
		06EE7566275975B20094668F /* GameQuizView.swift in Sources */ = {isa = PBXBuildFile; fileRef = 06EE7565275975B20094668F /* GameQuizView.swift */; };
		06EE7569275AFEF80094668F /* Stash.xcdatamodeld in Sources */ = {isa = PBXBuildFile; fileRef = 06EE7567275AFEF80094668F /* Stash.xcdatamodeld */; };
		06EE756B275AFF270094668F /* PersistenceController.swift in Sources */ = {isa = PBXBuildFile; fileRef = 06EE756A275AFF270094668F /* PersistenceController.swift */; };
/* End PBXBuildFile section */

/* Begin PBXFileReference section */
		065B68D2275B0CA3003B53A6 /* countStart.mp3 */ = {isa = PBXFileReference; lastKnownFileType = audio.mp3; path = countStart.mp3; sourceTree = "<group>"; };
		065B68D4275BE5E0003B53A6 /* rightanswer.mp3 */ = {isa = PBXFileReference; lastKnownFileType = audio.mp3; path = rightanswer.mp3; sourceTree = "<group>"; };
		065B68D6275BE72A003B53A6 /* wronganswer.mp3 */ = {isa = PBXFileReference; lastKnownFileType = audio.mp3; path = wronganswer.mp3; sourceTree = "<group>"; };
		06EE753D2757FBB00094668F /* MultiTimed.app */ = {isa = PBXFileReference; explicitFileType = wrapper.application; includeInIndex = 0; path = MultiTimed.app; sourceTree = BUILT_PRODUCTS_DIR; };
		06EE75402757FBB00094668F /* mathdownApp.swift */ = {isa = PBXFileReference; lastKnownFileType = sourcecode.swift; path = mathdownApp.swift; sourceTree = "<group>"; };
		06EE75422757FBB00094668F /* MainMenuView.swift */ = {isa = PBXFileReference; lastKnownFileType = sourcecode.swift; path = MainMenuView.swift; sourceTree = "<group>"; };
		06EE75442757FBB10094668F /* Assets.xcassets */ = {isa = PBXFileReference; lastKnownFileType = folder.assetcatalog; path = Assets.xcassets; sourceTree = "<group>"; };
		06EE75472757FBB10094668F /* Preview Assets.xcassets */ = {isa = PBXFileReference; lastKnownFileType = folder.assetcatalog; path = "Preview Assets.xcassets"; sourceTree = "<group>"; };
		06EE75512757FE5B0094668F /* GameView.swift */ = {isa = PBXFileReference; lastKnownFileType = sourcecode.swift; path = GameView.swift; sourceTree = "<group>"; };
		06EE75532757FF200094668F /* HighscoreView.swift */ = {isa = PBXFileReference; lastKnownFileType = sourcecode.swift; path = HighscoreView.swift; sourceTree = "<group>"; };
		06EE7555275803050094668F /* PauseView.swift */ = {isa = PBXFileReference; lastKnownFileType = sourcecode.swift; path = PauseView.swift; sourceTree = "<group>"; };
		06EE755727592C250094668F /* CountdownView.swift */ = {isa = PBXFileReference; lastKnownFileType = sourcecode.swift; path = CountdownView.swift; sourceTree = "<group>"; };
		06EE7559275937EF0094668F /* SoundEffect.swift */ = {isa = PBXFileReference; lastKnownFileType = sourcecode.swift; path = SoundEffect.swift; sourceTree = "<group>"; };
		06EE755C275939540094668F /* count.mp3 */ = {isa = PBXFileReference; lastKnownFileType = audio.mp3; path = count.mp3; sourceTree = "<group>"; };
		06EE75602759550A0094668F /* GameGenerator.swift */ = {isa = PBXFileReference; lastKnownFileType = sourcecode.swift; path = GameGenerator.swift; sourceTree = "<group>"; };
		06EE756327595A4F0094668F /* GameOverView.swift */ = {isa = PBXFileReference; lastKnownFileType = sourcecode.swift; path = GameOverView.swift; sourceTree = "<group>"; };
		06EE7565275975B20094668F /* GameQuizView.swift */ = {isa = PBXFileReference; lastKnownFileType = sourcecode.swift; path = GameQuizView.swift; sourceTree = "<group>"; };
		06EE7568275AFEF80094668F /* Stash.xcdatamodel */ = {isa = PBXFileReference; lastKnownFileType = wrapper.xcdatamodel; path = Stash.xcdatamodel; sourceTree = "<group>"; };
		06EE756A275AFF270094668F /* PersistenceController.swift */ = {isa = PBXFileReference; lastKnownFileType = sourcecode.swift; path = PersistenceController.swift; sourceTree = "<group>"; };
/* End PBXFileReference section */

/* Begin PBXFrameworksBuildPhase section */
		06EE753A2757FBB00094668F /* Frameworks */ = {
			isa = PBXFrameworksBuildPhase;
			buildActionMask = 2147483647;
			files = (
			);
			runOnlyForDeploymentPostprocessing = 0;
		};
/* End PBXFrameworksBuildPhase section */

/* Begin PBXGroup section */
		06EE75342757FBB00094668F = {
			isa = PBXGroup;
			children = (
				06EE753F2757FBB00094668F /* mathdown */,
				06EE753E2757FBB00094668F /* Products */,
			);
			sourceTree = "<group>";
		};
		06EE753E2757FBB00094668F /* Products */ = {
			isa = PBXGroup;
			children = (
				06EE753D2757FBB00094668F /* MultiTimed.app */,
			);
			name = Products;
			sourceTree = "<group>";
		};
		06EE753F2757FBB00094668F /* mathdown */ = {
			isa = PBXGroup;
			children = (
				06EE75402757FBB00094668F /* mathdownApp.swift */,
				06EE754E2757FBF10094668F /* Views */,
				06EE754F2757FBFF0094668F /* ViewModels */,
				06EE75502757FC0B0094668F /* Models */,
				06EE755B275938680094668F /* Sounds */,
				06EE75442757FBB10094668F /* Assets.xcassets */,
				06EE7567275AFEF80094668F /* Stash.xcdatamodeld */,
				06EE75462757FBB10094668F /* Preview Content */,
			);
			path = mathdown;
			sourceTree = "<group>";
		};
		06EE75462757FBB10094668F /* Preview Content */ = {
			isa = PBXGroup;
			children = (
				06EE75472757FBB10094668F /* Preview Assets.xcassets */,
			);
			path = "Preview Content";
			sourceTree = "<group>";
		};
		06EE754E2757FBF10094668F /* Views */ = {
			isa = PBXGroup;
			children = (
				06EE75422757FBB00094668F /* MainMenuView.swift */,
				06EE75512757FE5B0094668F /* GameView.swift */,
				06EE7565275975B20094668F /* GameQuizView.swift */,
				06EE755727592C250094668F /* CountdownView.swift */,
				06EE7555275803050094668F /* PauseView.swift */,
				06EE75532757FF200094668F /* HighscoreView.swift */,
				06EE7559275937EF0094668F /* SoundEffect.swift */,
				06EE756327595A4F0094668F /* GameOverView.swift */,
			);
			path = Views;
			sourceTree = "<group>";
		};
		06EE754F2757FBFF0094668F /* ViewModels */ = {
			isa = PBXGroup;
			children = (
				06EE75602759550A0094668F /* GameGenerator.swift */,
			);
			path = ViewModels;
			sourceTree = "<group>";
		};
		06EE75502757FC0B0094668F /* Models */ = {
			isa = PBXGroup;
			children = (
				06EE756A275AFF270094668F /* PersistenceController.swift */,
			);
			path = Models;
			sourceTree = "<group>";
		};
		06EE755B275938680094668F /* Sounds */ = {
			isa = PBXGroup;
			children = (
				06EE755C275939540094668F /* count.mp3 */,
				065B68D2275B0CA3003B53A6 /* countStart.mp3 */,
				065B68D4275BE5E0003B53A6 /* rightanswer.mp3 */,
				065B68D6275BE72A003B53A6 /* wronganswer.mp3 */,
			);
			path = Sounds;
			sourceTree = "<group>";
		};
/* End PBXGroup section */

/* Begin PBXNativeTarget section */
		06EE753C2757FBB00094668F /* mathdown */ = {
			isa = PBXNativeTarget;
			buildConfigurationList = 06EE754B2757FBB10094668F /* Build configuration list for PBXNativeTarget "mathdown" */;
			buildPhases = (
				06EE75392757FBB00094668F /* Sources */,
				06EE753A2757FBB00094668F /* Frameworks */,
				06EE753B2757FBB00094668F /* Resources */,
			);
			buildRules = (
			);
			dependencies = (
			);
			name = mathdown;
			productName = mathdown;
			productReference = 06EE753D2757FBB00094668F /* MultiTimed.app */;
			productType = "com.apple.product-type.application";
		};
/* End PBXNativeTarget section */

/* Begin PBXProject section */
		06EE75352757FBB00094668F /* Project object */ = {
			isa = PBXProject;
			attributes = {
				BuildIndependentTargetsInParallel = 1;
				LastSwiftUpdateCheck = 1310;
				LastUpgradeCheck = 1310;
				TargetAttributes = {
					06EE753C2757FBB00094668F = {
						CreatedOnToolsVersion = 13.1;
					};
				};
			};
			buildConfigurationList = 06EE75382757FBB00094668F /* Build configuration list for PBXProject "mathdown" */;
			compatibilityVersion = "Xcode 13.0";
			developmentRegion = en;
			hasScannedForEncodings = 0;
			knownRegions = (
				en,
				Base,
			);
			mainGroup = 06EE75342757FBB00094668F;
			productRefGroup = 06EE753E2757FBB00094668F /* Products */;
			projectDirPath = "";
			projectRoot = "";
			targets = (
				06EE753C2757FBB00094668F /* mathdown */,
			);
		};
/* End PBXProject section */

/* Begin PBXResourcesBuildPhase section */
		06EE753B2757FBB00094668F /* Resources */ = {
			isa = PBXResourcesBuildPhase;
			buildActionMask = 2147483647;
			files = (
				065B68D5275BE5E0003B53A6 /* rightanswer.mp3 in Resources */,
				065B68D3275B0CA3003B53A6 /* countStart.mp3 in Resources */,
				06EE755D275939540094668F /* count.mp3 in Resources */,
				06EE75482757FBB10094668F /* Preview Assets.xcassets in Resources */,
				065B68D7275BE72A003B53A6 /* wronganswer.mp3 in Resources */,
				06EE75452757FBB10094668F /* Assets.xcassets in Resources */,
			);
			runOnlyForDeploymentPostprocessing = 0;
		};
/* End PBXResourcesBuildPhase section */

/* Begin PBXSourcesBuildPhase section */
		06EE75392757FBB00094668F /* Sources */ = {
			isa = PBXSourcesBuildPhase;
			buildActionMask = 2147483647;
			files = (
				06EE755827592C250094668F /* CountdownView.swift in Sources */,
				06EE75432757FBB00094668F /* MainMenuView.swift in Sources */,
				06EE75542757FF200094668F /* HighscoreView.swift in Sources */,
				06EE755A275937EF0094668F /* SoundEffect.swift in Sources */,
				06EE7556275803050094668F /* PauseView.swift in Sources */,
				06EE75522757FE5B0094668F /* GameView.swift in Sources */,
				06EE75412757FBB00094668F /* mathdownApp.swift in Sources */,
				06EE756427595A4F0094668F /* GameOverView.swift in Sources */,
				06EE75612759550A0094668F /* GameGenerator.swift in Sources */,
				06EE756B275AFF270094668F /* PersistenceController.swift in Sources */,
				06EE7569275AFEF80094668F /* Stash.xcdatamodeld in Sources */,
				06EE7566275975B20094668F /* GameQuizView.swift in Sources */,
			);
			runOnlyForDeploymentPostprocessing = 0;
		};
/* End PBXSourcesBuildPhase section */

/* Begin XCBuildConfiguration section */
		06EE75492757FBB10094668F /* Debug */ = {
			isa = XCBuildConfiguration;
			buildSettings = {
				ALWAYS_SEARCH_USER_PATHS = NO;
				CLANG_ANALYZER_NONNULL = YES;
				CLANG_ANALYZER_NUMBER_OBJECT_CONVERSION = YES_AGGRESSIVE;
				CLANG_CXX_LANGUAGE_STANDARD = "gnu++17";
				CLANG_CXX_LIBRARY = "libc++";
				CLANG_ENABLE_MODULES = YES;
				CLANG_ENABLE_OBJC_ARC = YES;
				CLANG_ENABLE_OBJC_WEAK = YES;
				CLANG_WARN_BLOCK_CAPTURE_AUTORELEASING = YES;
				CLANG_WARN_BOOL_CONVERSION = YES;
				CLANG_WARN_COMMA = YES;
				CLANG_WARN_CONSTANT_CONVERSION = YES;
				CLANG_WARN_DEPRECATED_OBJC_IMPLEMENTATIONS = YES;
				CLANG_WARN_DIRECT_OBJC_ISA_USAGE = YES_ERROR;
				CLANG_WARN_DOCUMENTATION_COMMENTS = YES;
				CLANG_WARN_EMPTY_BODY = YES;
				CLANG_WARN_ENUM_CONVERSION = YES;
				CLANG_WARN_INFINITE_RECURSION = YES;
				CLANG_WARN_INT_CONVERSION = YES;
				CLANG_WARN_NON_LITERAL_NULL_CONVERSION = YES;
				CLANG_WARN_OBJC_IMPLICIT_RETAIN_SELF = YES;
				CLANG_WARN_OBJC_LITERAL_CONVERSION = YES;
				CLANG_WARN_OBJC_ROOT_CLASS = YES_ERROR;
				CLANG_WARN_QUOTED_INCLUDE_IN_FRAMEWORK_HEADER = YES;
				CLANG_WARN_RANGE_LOOP_ANALYSIS = YES;
				CLANG_WARN_STRICT_PROTOTYPES = YES;
				CLANG_WARN_SUSPICIOUS_MOVE = YES;
				CLANG_WARN_UNGUARDED_AVAILABILITY = YES_AGGRESSIVE;
				CLANG_WARN_UNREACHABLE_CODE = YES;
				CLANG_WARN__DUPLICATE_METHOD_MATCH = YES;
				COPY_PHASE_STRIP = NO;
				DEBUG_INFORMATION_FORMAT = dwarf;
				ENABLE_STRICT_OBJC_MSGSEND = YES;
				ENABLE_TESTABILITY = YES;
				GCC_C_LANGUAGE_STANDARD = gnu11;
				GCC_DYNAMIC_NO_PIC = NO;
				GCC_NO_COMMON_BLOCKS = YES;
				GCC_OPTIMIZATION_LEVEL = 0;
				GCC_PREPROCESSOR_DEFINITIONS = (
					"DEBUG=1",
					"$(inherited)",
				);
				GCC_WARN_64_TO_32_BIT_CONVERSION = YES;
				GCC_WARN_ABOUT_RETURN_TYPE = YES_ERROR;
				GCC_WARN_UNDECLARED_SELECTOR = YES;
				GCC_WARN_UNINITIALIZED_AUTOS = YES_AGGRESSIVE;
				GCC_WARN_UNUSED_FUNCTION = YES;
				GCC_WARN_UNUSED_VARIABLE = YES;
				IPHONEOS_DEPLOYMENT_TARGET = 15.0;
				MTL_ENABLE_DEBUG_INFO = INCLUDE_SOURCE;
				MTL_FAST_MATH = YES;
				ONLY_ACTIVE_ARCH = YES;
				SDKROOT = iphoneos;
				SWIFT_ACTIVE_COMPILATION_CONDITIONS = DEBUG;
				SWIFT_OPTIMIZATION_LEVEL = "-Onone";
			};
			name = Debug;
		};
		06EE754A2757FBB10094668F /* Release */ = {
			isa = XCBuildConfiguration;
			buildSettings = {
				ALWAYS_SEARCH_USER_PATHS = NO;
				CLANG_ANALYZER_NONNULL = YES;
				CLANG_ANALYZER_NUMBER_OBJECT_CONVERSION = YES_AGGRESSIVE;
				CLANG_CXX_LANGUAGE_STANDARD = "gnu++17";
				CLANG_CXX_LIBRARY = "libc++";
				CLANG_ENABLE_MODULES = YES;
				CLANG_ENABLE_OBJC_ARC = YES;
				CLANG_ENABLE_OBJC_WEAK = YES;
				CLANG_WARN_BLOCK_CAPTURE_AUTORELEASING = YES;
				CLANG_WARN_BOOL_CONVERSION = YES;
				CLANG_WARN_COMMA = YES;
				CLANG_WARN_CONSTANT_CONVERSION = YES;
				CLANG_WARN_DEPRECATED_OBJC_IMPLEMENTATIONS = YES;
				CLANG_WARN_DIRECT_OBJC_ISA_USAGE = YES_ERROR;
				CLANG_WARN_DOCUMENTATION_COMMENTS = YES;
				CLANG_WARN_EMPTY_BODY = YES;
				CLANG_WARN_ENUM_CONVERSION = YES;
				CLANG_WARN_INFINITE_RECURSION = YES;
				CLANG_WARN_INT_CONVERSION = YES;
				CLANG_WARN_NON_LITERAL_NULL_CONVERSION = YES;
				CLANG_WARN_OBJC_IMPLICIT_RETAIN_SELF = YES;
				CLANG_WARN_OBJC_LITERAL_CONVERSION = YES;
				CLANG_WARN_OBJC_ROOT_CLASS = YES_ERROR;
				CLANG_WARN_QUOTED_INCLUDE_IN_FRAMEWORK_HEADER = YES;
				CLANG_WARN_RANGE_LOOP_ANALYSIS = YES;
				CLANG_WARN_STRICT_PROTOTYPES = YES;
				CLANG_WARN_SUSPICIOUS_MOVE = YES;
				CLANG_WARN_UNGUARDED_AVAILABILITY = YES_AGGRESSIVE;
				CLANG_WARN_UNREACHABLE_CODE = YES;
				CLANG_WARN__DUPLICATE_METHOD_MATCH = YES;
				COPY_PHASE_STRIP = NO;
				DEBUG_INFORMATION_FORMAT = "dwarf-with-dsym";
				ENABLE_NS_ASSERTIONS = NO;
				ENABLE_STRICT_OBJC_MSGSEND = YES;
				GCC_C_LANGUAGE_STANDARD = gnu11;
				GCC_NO_COMMON_BLOCKS = YES;
				GCC_WARN_64_TO_32_BIT_CONVERSION = YES;
				GCC_WARN_ABOUT_RETURN_TYPE = YES_ERROR;
				GCC_WARN_UNDECLARED_SELECTOR = YES;
				GCC_WARN_UNINITIALIZED_AUTOS = YES_AGGRESSIVE;
				GCC_WARN_UNUSED_FUNCTION = YES;
				GCC_WARN_UNUSED_VARIABLE = YES;
				IPHONEOS_DEPLOYMENT_TARGET = 15.0;
				MTL_ENABLE_DEBUG_INFO = NO;
				MTL_FAST_MATH = YES;
				SDKROOT = iphoneos;
				SWIFT_COMPILATION_MODE = wholemodule;
				SWIFT_OPTIMIZATION_LEVEL = "-O";
				VALIDATE_PRODUCT = YES;
			};
			name = Release;
		};
		06EE754C2757FBB10094668F /* Debug */ = {
			isa = XCBuildConfiguration;
			buildSettings = {
				ASSETCATALOG_COMPILER_APPICON_NAME = AppIcon;
				ASSETCATALOG_COMPILER_GLOBAL_ACCENT_COLOR_NAME = AccentColor;
				CODE_SIGN_STYLE = Automatic;
				CURRENT_PROJECT_VERSION = 1;
				DEVELOPMENT_ASSET_PATHS = "\"mathdown/Preview Content\"";
				DEVELOPMENT_TEAM = C4Y735UQJ9;
				ENABLE_PREVIEWS = YES;
				GENERATE_INFOPLIST_FILE = YES;
				INFOPLIST_KEY_UIApplicationSceneManifest_Generation = YES;
				INFOPLIST_KEY_UIApplicationSupportsIndirectInputEvents = YES;
				INFOPLIST_KEY_UILaunchScreen_Generation = YES;
				INFOPLIST_KEY_UISupportedInterfaceOrientations = UIInterfaceOrientationPortrait;
				INFOPLIST_KEY_UISupportedInterfaceOrientations_iPad = "UIInterfaceOrientationPortrait UIInterfaceOrientationPortraitUpsideDown";
				INFOPLIST_KEY_UISupportedInterfaceOrientations_iPhone = "UIInterfaceOrientationPortrait UIInterfaceOrientationLandscapeLeft UIInterfaceOrientationLandscapeRight";
				LD_RUNPATH_SEARCH_PATHS = (
					"$(inherited)",
					"@executable_path/Frameworks",
				);
				MARKETING_VERSION = 1.0;
				PRODUCT_BUNDLE_IDENTIFIER = com.joon.mathdown;
				PRODUCT_NAME = MultiTimed;
				SWIFT_EMIT_LOC_STRINGS = YES;
				SWIFT_VERSION = 5.0;
				TARGETED_DEVICE_FAMILY = 1;
			};
			name = Debug;
		};
		06EE754D2757FBB10094668F /* Release */ = {
			isa = XCBuildConfiguration;
			buildSettings = {
				ASSETCATALOG_COMPILER_APPICON_NAME = AppIcon;
				ASSETCATALOG_COMPILER_GLOBAL_ACCENT_COLOR_NAME = AccentColor;
				CODE_SIGN_STYLE = Automatic;
				CURRENT_PROJECT_VERSION = 1;
				DEVELOPMENT_ASSET_PATHS = "\"mathdown/Preview Content\"";
				DEVELOPMENT_TEAM = C4Y735UQJ9;
				ENABLE_PREVIEWS = YES;
				GENERATE_INFOPLIST_FILE = YES;
				INFOPLIST_KEY_UIApplicationSceneManifest_Generation = YES;
				INFOPLIST_KEY_UIApplicationSupportsIndirectInputEvents = YES;
				INFOPLIST_KEY_UILaunchScreen_Generation = YES;
				INFOPLIST_KEY_UISupportedInterfaceOrientations = UIInterfaceOrientationPortrait;
				INFOPLIST_KEY_UISupportedInterfaceOrientations_iPad = "UIInterfaceOrientationPortrait UIInterfaceOrientationPortraitUpsideDown";
				INFOPLIST_KEY_UISupportedInterfaceOrientations_iPhone = "UIInterfaceOrientationPortrait UIInterfaceOrientationLandscapeLeft UIInterfaceOrientationLandscapeRight";
				LD_RUNPATH_SEARCH_PATHS = (
					"$(inherited)",
					"@executable_path/Frameworks",
				);
				MARKETING_VERSION = 1.0;
				PRODUCT_BUNDLE_IDENTIFIER = com.joon.mathdown;
				PRODUCT_NAME = MultiTimed;
				SWIFT_EMIT_LOC_STRINGS = YES;
				SWIFT_VERSION = 5.0;
				TARGETED_DEVICE_FAMILY = 1;
			};
			name = Release;
		};
/* End XCBuildConfiguration section */

/* Begin XCConfigurationList section */
		06EE75382757FBB00094668F /* Build configuration list for PBXProject "mathdown" */ = {
			isa = XCConfigurationList;
			buildConfigurations = (
				06EE75492757FBB10094668F /* Debug */,
				06EE754A2757FBB10094668F /* Release */,
			);
			defaultConfigurationIsVisible = 0;
			defaultConfigurationName = Release;
		};
		06EE754B2757FBB10094668F /* Build configuration list for PBXNativeTarget "mathdown" */ = {
			isa = XCConfigurationList;
			buildConfigurations = (
				06EE754C2757FBB10094668F /* Debug */,
				06EE754D2757FBB10094668F /* Release */,
			);
			defaultConfigurationIsVisible = 0;
			defaultConfigurationName = Release;
		};
/* End XCConfigurationList section */

/* Begin XCVersionGroup section */
		06EE7567275AFEF80094668F /* Stash.xcdatamodeld */ = {
			isa = XCVersionGroup;
			children = (
				06EE7568275AFEF80094668F /* Stash.xcdatamodel */,
			);
			currentVersion = 06EE7568275AFEF80094668F /* Stash.xcdatamodel */;
			path = Stash.xcdatamodeld;
			sourceTree = "<group>";
			versionGroupType = wrapper.xcdatamodel;
		};
/* End XCVersionGroup section */
	};
	rootObject = 06EE75352757FBB00094668F /* Project object */;
}
